
Microsoft Visual Studio Solution File, Format Version 12.00
# Visual Studio Version 16
VisualStudioVersion = 16.0.32126.315
MinimumVisualStudioVersion = 10.0.40219.1
Project("{FAE04EC0-301F-11D3-BF4B-00C04F79EFBC}") = "Client", "Client\Client.csproj", "{640246FC-F3C3-423E-BD9A-4D396DE34817}"
EndProject
Global
	GlobalSection(SolutionConfigurationPlatforms) = preSolution
		Debug|Any CPU = Debug|Any CPU
		Release|Any CPU = Release|Any CPU
	EndGlobalSection
	GlobalSection(ProjectConfigurationPlatforms) = postSolution
		{640246FC-F3C3-423E-BD9A-4D396DE34817}.Debug|Any CPU.ActiveCfg = Debug|Any CPU
		{640246FC-F3C3-423E-BD9A-4D396DE34817}.Debug|Any CPU.Build.0 = Debug|Any CPU
		{640246FC-F3C3-423E-BD9A-4D396DE34817}.Release|Any CPU.ActiveCfg = Release|Any CPU
		{640246FC-F3C3-423E-BD9A-4D396DE34817}.Release|Any CPU.Build.0 = Release|Any CPU
	EndGlobalSection
	GlobalSection(SolutionProperties) = preSolution
		HideSolutionNode = FALSE
	EndGlobalSection
	GlobalSection(ExtensibilityGlobals) = postSolution
		SolutionGuid = {A39A555C-D912-48B1-B722-69D49D890DE2}
	EndGlobalSection
EndGlobal
